
Microsoft Visual Studio Solution File, Format Version 12.00
# Visual Studio Version 17
VisualStudioVersion = 17.2.32516.85
MinimumVisualStudioVersion = 10.0.40219.1
Project("{FAE04EC0-301F-11D3-BF4B-00C04F79EFBC}") = "Agenda", "Agenda\Agenda.csproj", "{984FAEC1-B2DC-41DF-A0CD-6780FCCCAA67}"
EndProject
Global
	GlobalSection(SolutionConfigurationPlatforms) = preSolution
		Debug|Any CPU = Debug|Any CPU
		Release|Any CPU = Release|Any CPU
	EndGlobalSection
	GlobalSection(ProjectConfigurationPlatforms) = postSolution
		{984FAEC1-B2DC-41DF-A0CD-6780FCCCAA67}.Debug|Any CPU.ActiveCfg = Debug|Any CPU
		{984FAEC1-B2DC-41DF-A0CD-6780FCCCAA67}.Debug|Any CPU.Build.0 = Debug|Any CPU
		{984FAEC1-B2DC-41DF-A0CD-6780FCCCAA67}.Release|Any CPU.ActiveCfg = Release|Any CPU
		{984FAEC1-B2DC-41DF-A0CD-6780FCCCAA67}.Release|Any CPU.Build.0 = Release|Any CPU
	EndGlobalSection
	GlobalSection(SolutionProperties) = preSolution
		HideSolutionNode = FALSE
	EndGlobalSection
	GlobalSection(ExtensibilityGlobals) = postSolution
		SolutionGuid = {4372E203-E8F8-44E8-88CF-9DDA9D6C78FB}
	EndGlobalSection
EndGlobal
